
Microsoft Visual Studio Solution File, Format Version 12.00
# Visual Studio Version 16
VisualStudioVersion = 16.0.30503.244
MinimumVisualStudioVersion = 10.0.40219.1
Project("{FAE04EC0-301F-11D3-BF4B-00C04F79EFBC}") = "MVCWebAssignment1", "MVCWebAssignment1.csproj", "{BADE600C-02D7-45FA-9DFC-9E81B6BD170A}"
EndProject
Project("{FAE04EC0-301F-11D3-BF4B-00C04F79EFBC}") = "MVCWebAssignmentTests", "..\MVCWebAssignmentTests\MVCWebAssignmentTests.csproj", "{4CA21DF5-342A-4E6F-919D-52E24B1CACF0}"
EndProject
Global
	GlobalSection(SolutionConfigurationPlatforms) = preSolution
		Debug|Any CPU = Debug|Any CPU
		Release|Any CPU = Release|Any CPU
	EndGlobalSection
	GlobalSection(ProjectConfigurationPlatforms) = postSolution
		{BADE600C-02D7-45FA-9DFC-9E81B6BD170A}.Debug|Any CPU.ActiveCfg = Debug|Any CPU
		{BADE600C-02D7-45FA-9DFC-9E81B6BD170A}.Debug|Any CPU.Build.0 = Debug|Any CPU
		{BADE600C-02D7-45FA-9DFC-9E81B6BD170A}.Release|Any CPU.ActiveCfg = Release|Any CPU
		{BADE600C-02D7-45FA-9DFC-9E81B6BD170A}.Release|Any CPU.Build.0 = Release|Any CPU
		{4CA21DF5-342A-4E6F-919D-52E24B1CACF0}.Debug|Any CPU.ActiveCfg = Debug|Any CPU
		{4CA21DF5-342A-4E6F-919D-52E24B1CACF0}.Debug|Any CPU.Build.0 = Debug|Any CPU
		{4CA21DF5-342A-4E6F-919D-52E24B1CACF0}.Release|Any CPU.ActiveCfg = Release|Any CPU
		{4CA21DF5-342A-4E6F-919D-52E24B1CACF0}.Release|Any CPU.Build.0 = Release|Any CPU
	EndGlobalSection
	GlobalSection(SolutionProperties) = preSolution
		HideSolutionNode = FALSE
	EndGlobalSection
	GlobalSection(ExtensibilityGlobals) = postSolution
		SolutionGuid = {B19AF3D2-6218-4937-99CD-30FB5112C0D2}
	EndGlobalSection
EndGlobal
